
Microsoft Visual Studio Solution File, Format Version 12.00
# Visual Studio Version 17
VisualStudioVersion = 17.10.35122.118
MinimumVisualStudioVersion = 10.0.40219.1
Project("{9A19103F-16F7-4668-BE54-9A1E7A4F7556}") = "FERNGSolver.UI", "FERNGSolver.UI\FERNGSolver.UI.csproj", "{B00399B7-EE09-4C66-B373-1A2A1E3ACC0F}"
	ProjectSection(ProjectDependencies) = postProject
		{127ABF97-A3AA-4C9F-B9B5-31626F992D6E} = {127ABF97-A3AA-4C9F-B9B5-31626F992D6E}
	EndProjectSection
EndProject
Project("{9A19103F-16F7-4668-BE54-9A1E7A4F7556}") = "FERNGSolver.RNG.Common", "FERNGSolver.RNG.Common\FERNGSolver.RNG.Common.csproj", "{7E85F74E-5D74-4CC8-8C0C-16416F323CA9}"
EndProject
Project("{9A19103F-16F7-4668-BE54-9A1E7A4F7556}") = "FERNGSolver.FalconKnightTool.UI", "FERNGSolver.FalconKnightTool.UI\FERNGSolver.FalconKnightTool.UI.csproj", "{011151F3-37F5-4F05-AB98-5C2B71B903C0}"
	ProjectSection(ProjectDependencies) = postProject
		{F142B0C4-0F43-4667-84E4-BC7B341EF9E5} = {F142B0C4-0F43-4667-84E4-BC7B341EF9E5}
	EndProjectSection
EndProject
Project("{9A19103F-16F7-4668-BE54-9A1E7A4F7556}") = "FERNGSolver.FalconKnightTool.Application", "FERNGSolver.FalconKnightTool.Application\FERNGSolver.FalconKnightTool.Application.csproj", "{127ABF97-A3AA-4C9F-B9B5-31626F992D6E}"
EndProject
Project("{9A19103F-16F7-4668-BE54-9A1E7A4F7556}") = "FERNGSolver.FalconKnightTool.Domain", "FERNGSolver.FalconKnightTool.Domain\FERNGSolver.FalconKnightTool.Domain.csproj", "{EBA11390-F8D2-4908-9D9F-2BA6B20A97C0}"
EndProject
Project("{9A19103F-16F7-4668-BE54-9A1E7A4F7556}") = "FERNGSolver.FalconKnightTool.Presentation", "FERNGSolver.FalconKnightTool.Presentation\FERNGSolver.FalconKnightTool.Presentation.csproj", "{F142B0C4-0F43-4667-84E4-BC7B341EF9E5}"
EndProject
Project("{9A19103F-16F7-4668-BE54-9A1E7A4F7556}") = "FormRx", "FormRx\FormRx.csproj", "{33EC0EEC-4799-4281-8E68-B56612A13BF9}"
EndProject
Project("{FAE04EC0-301F-11D3-BF4B-00C04F79EFBC}") = "FERNGSolver.Common", "FERNGSolver.Common\FERNGSolver.Common.csproj", "{2F41102F-297E-4BE7-A1AD-6850853E3FA4}"
EndProject
Global
	GlobalSection(SolutionConfigurationPlatforms) = preSolution
		Debug|Any CPU = Debug|Any CPU
		Release|Any CPU = Release|Any CPU
	EndGlobalSection
	GlobalSection(ProjectConfigurationPlatforms) = postSolution
		{B00399B7-EE09-4C66-B373-1A2A1E3ACC0F}.Debug|Any CPU.ActiveCfg = Debug|Any CPU
		{B00399B7-EE09-4C66-B373-1A2A1E3ACC0F}.Debug|Any CPU.Build.0 = Debug|Any CPU
		{B00399B7-EE09-4C66-B373-1A2A1E3ACC0F}.Release|Any CPU.ActiveCfg = Release|Any CPU
		{B00399B7-EE09-4C66-B373-1A2A1E3ACC0F}.Release|Any CPU.Build.0 = Release|Any CPU
		{7E85F74E-5D74-4CC8-8C0C-16416F323CA9}.Debug|Any CPU.ActiveCfg = Debug|Any CPU
		{7E85F74E-5D74-4CC8-8C0C-16416F323CA9}.Debug|Any CPU.Build.0 = Debug|Any CPU
		{7E85F74E-5D74-4CC8-8C0C-16416F323CA9}.Release|Any CPU.ActiveCfg = Release|Any CPU
		{7E85F74E-5D74-4CC8-8C0C-16416F323CA9}.Release|Any CPU.Build.0 = Release|Any CPU
		{011151F3-37F5-4F05-AB98-5C2B71B903C0}.Debug|Any CPU.ActiveCfg = Debug|Any CPU
		{011151F3-37F5-4F05-AB98-5C2B71B903C0}.Debug|Any CPU.Build.0 = Debug|Any CPU
		{011151F3-37F5-4F05-AB98-5C2B71B903C0}.Release|Any CPU.ActiveCfg = Release|Any CPU
		{011151F3-37F5-4F05-AB98-5C2B71B903C0}.Release|Any CPU.Build.0 = Release|Any CPU
		{127ABF97-A3AA-4C9F-B9B5-31626F992D6E}.Debug|Any CPU.ActiveCfg = Debug|Any CPU
		{127ABF97-A3AA-4C9F-B9B5-31626F992D6E}.Debug|Any CPU.Build.0 = Debug|Any CPU
		{127ABF97-A3AA-4C9F-B9B5-31626F992D6E}.Release|Any CPU.ActiveCfg = Release|Any CPU
		{127ABF97-A3AA-4C9F-B9B5-31626F992D6E}.Release|Any CPU.Build.0 = Release|Any CPU
		{EBA11390-F8D2-4908-9D9F-2BA6B20A97C0}.Debug|Any CPU.ActiveCfg = Debug|Any CPU
		{EBA11390-F8D2-4908-9D9F-2BA6B20A97C0}.Debug|Any CPU.Build.0 = Debug|Any CPU
		{EBA11390-F8D2-4908-9D9F-2BA6B20A97C0}.Release|Any CPU.ActiveCfg = Release|Any CPU
		{EBA11390-F8D2-4908-9D9F-2BA6B20A97C0}.Release|Any CPU.Build.0 = Release|Any CPU
		{F142B0C4-0F43-4667-84E4-BC7B341EF9E5}.Debug|Any CPU.ActiveCfg = Debug|Any CPU
		{F142B0C4-0F43-4667-84E4-BC7B341EF9E5}.Debug|Any CPU.Build.0 = Debug|Any CPU
		{F142B0C4-0F43-4667-84E4-BC7B341EF9E5}.Release|Any CPU.ActiveCfg = Release|Any CPU
		{F142B0C4-0F43-4667-84E4-BC7B341EF9E5}.Release|Any CPU.Build.0 = Release|Any CPU
		{33EC0EEC-4799-4281-8E68-B56612A13BF9}.Debug|Any CPU.ActiveCfg = Debug|Any CPU
		{33EC0EEC-4799-4281-8E68-B56612A13BF9}.Debug|Any CPU.Build.0 = Debug|Any CPU
		{33EC0EEC-4799-4281-8E68-B56612A13BF9}.Release|Any CPU.ActiveCfg = Release|Any CPU
		{33EC0EEC-4799-4281-8E68-B56612A13BF9}.Release|Any CPU.Build.0 = Release|Any CPU
		{2F41102F-297E-4BE7-A1AD-6850853E3FA4}.Debug|Any CPU.ActiveCfg = Debug|Any CPU
		{2F41102F-297E-4BE7-A1AD-6850853E3FA4}.Debug|Any CPU.Build.0 = Debug|Any CPU
		{2F41102F-297E-4BE7-A1AD-6850853E3FA4}.Release|Any CPU.ActiveCfg = Release|Any CPU
		{2F41102F-297E-4BE7-A1AD-6850853E3FA4}.Release|Any CPU.Build.0 = Release|Any CPU
	EndGlobalSection
	GlobalSection(SolutionProperties) = preSolution
		HideSolutionNode = FALSE
	EndGlobalSection
	GlobalSection(ExtensibilityGlobals) = postSolution
		SolutionGuid = {63C1D57B-9A5F-435F-8A5C-5CE76D13C833}
	EndGlobalSection
EndGlobal
