
Microsoft Visual Studio Solution File, Format Version 12.00
# Visual Studio Version 17
VisualStudioVersion = 17.10.35122.118
MinimumVisualStudioVersion = 10.0.40219.1
Project("{9A19103F-16F7-4668-BE54-9A1E7A4F7556}") = "FERNGSolver", "FERNGSolver\FERNGSolver.csproj", "{B00399B7-EE09-4C66-B373-1A2A1E3ACC0F}"
	ProjectSection(ProjectDependencies) = postProject
		{127ABF97-A3AA-4C9F-B9B5-31626F992D6E} = {127ABF97-A3AA-4C9F-B9B5-31626F992D6E}
	EndProjectSection
EndProject
Project("{9A19103F-16F7-4668-BE54-9A1E7A4F7556}") = "FERNGSolver.FalconKnightTool.UI", "FERNGSolver.FalconKnightTool.UI\FERNGSolver.FalconKnightTool.UI.csproj", "{011151F3-37F5-4F05-AB98-5C2B71B903C0}"
	ProjectSection(ProjectDependencies) = postProject
		{F142B0C4-0F43-4667-84E4-BC7B341EF9E5} = {F142B0C4-0F43-4667-84E4-BC7B341EF9E5}
	EndProjectSection
EndProject
Project("{9A19103F-16F7-4668-BE54-9A1E7A4F7556}") = "FERNGSolver.FalconKnightTool.Application", "FERNGSolver.FalconKnightTool.Application\FERNGSolver.FalconKnightTool.Application.csproj", "{127ABF97-A3AA-4C9F-B9B5-31626F992D6E}"
EndProject
Project("{9A19103F-16F7-4668-BE54-9A1E7A4F7556}") = "FERNGSolver.FalconKnightTool.Domain", "FERNGSolver.FalconKnightTool.Domain\FERNGSolver.FalconKnightTool.Domain.csproj", "{EBA11390-F8D2-4908-9D9F-2BA6B20A97C0}"
EndProject
Project("{9A19103F-16F7-4668-BE54-9A1E7A4F7556}") = "FERNGSolver.FalconKnightTool.Presentation", "FERNGSolver.FalconKnightTool.Presentation\FERNGSolver.FalconKnightTool.Presentation.csproj", "{F142B0C4-0F43-4667-84E4-BC7B341EF9E5}"
EndProject
Project("{9A19103F-16F7-4668-BE54-9A1E7A4F7556}") = "FormRx", "FormRx\FormRx.csproj", "{33EC0EEC-4799-4281-8E68-B56612A13BF9}"
EndProject
Project("{2150E333-8FDC-42A3-9474-1A3956D46DE8}") = "FERNGSolver.FalconKnightTool", "FERNGSolver.FalconKnightTool", "{C5634BAB-88E4-40A8-965B-80D04D42A54B}"
EndProject
Project("{2150E333-8FDC-42A3-9474-1A3956D46DE8}") = "FERNGSolver.Gba", "FERNGSolver.Gba", "{797D2456-8401-4CE5-AA28-90ABFF489ECF}"
EndProject
Project("{9A19103F-16F7-4668-BE54-9A1E7A4F7556}") = "FERNGSolver.Gba.Domain", "FERNGSolver.Gba.Domain\FERNGSolver.Gba.Domain.csproj", "{0B324549-2C95-4BBB-BEA2-CBD3CAAF38F8}"
EndProject
Project("{9A19103F-16F7-4668-BE54-9A1E7A4F7556}") = "FERNGSolver.Gba.Domain.Tests", "FERNGSolver.Gba.Domain.Tests\FERNGSolver.Gba.Domain.Tests.csproj", "{3A1925B9-CFBD-404D-8DE6-B05DA5DEE66F}"
EndProject
Project("{9A19103F-16F7-4668-BE54-9A1E7A4F7556}") = "FERNGSolver.Gba.UI", "FERNGSolver.Gba.UI\FERNGSolver.Gba.UI.csproj", "{2F99B865-C9B1-4774-BEF6-CDB9B59BD299}"
EndProject
Project("{9A19103F-16F7-4668-BE54-9A1E7A4F7556}") = "FERNGSolver.Gba.Presentation", "FERNGSolver.Gba.Presentation\FERNGSolver.Gba.Presentation.csproj", "{798C377E-6CD4-4F58-BA2A-839ABC8571BF}"
EndProject
Project("{9A19103F-16F7-4668-BE54-9A1E7A4F7556}") = "FERNGSolver.Gba.Application", "FERNGSolver.Gba.Application\FERNGSolver.Gba.Application.csproj", "{611A754A-EB7F-4D4A-80A1-5649472F20A6}"
EndProject
Project("{9A19103F-16F7-4668-BE54-9A1E7A4F7556}") = "FERNGSolver.Gba.Application.Tests", "FERNGSolver.Gba.Application.Tests\FERNGSolver.Gba.Application.Tests.csproj", "{13F4B8BC-359D-46AD-AD9E-BF2CD2852C0A}"
EndProject
Project("{2150E333-8FDC-42A3-9474-1A3956D46DE8}") = "FERNGSolver.Thracia", "FERNGSolver.Thracia", "{DDB4EF12-CC4E-5E88-E6FC-71A802F4DE97}"
EndProject
Project("{9A19103F-16F7-4668-BE54-9A1E7A4F7556}") = "FERNGSolver.Thracia.UI", "FERNGSolver.Thracia.UI\FERNGSolver.Thracia.UI.csproj", "{78462127-724A-4AA9-B4E3-B7399B44B89A}"
EndProject
Project("{9A19103F-16F7-4668-BE54-9A1E7A4F7556}") = "FERNGSolver.Thracia.Presentation", "FERNGSolver.Thracia.Presentation\FERNGSolver.Thracia.Presentation.csproj", "{F2C49807-D9A0-4F89-B808-95489AA27F58}"
EndProject
Project("{9A19103F-16F7-4668-BE54-9A1E7A4F7556}") = "FERNGSolver.Thracia.Domain", "FERNGSolver.Thracia.Domain\FERNGSolver.Thracia.Domain.csproj", "{A19279BB-DD6A-4F9D-9E1B-5C83C55E5983}"
EndProject
Project("{9A19103F-16F7-4668-BE54-9A1E7A4F7556}") = "FERNGSolver.Thracia.Application", "FERNGSolver.Thracia.Application\FERNGSolver.Thracia.Application.csproj", "{904B0170-FDDD-41FB-A63A-13959764FFDE}"
EndProject
Project("{9A19103F-16F7-4668-BE54-9A1E7A4F7556}") = "FERNGSolver.Thracia.Domain.Tests", "FERNGSolver.Thracia.Domain.Tests\FERNGSolver.Thracia.Domain.Tests.csproj", "{5D4F28CF-FDE9-4EC3-ACCB-FB0DB968CACC}"
EndProject
Project("{9A19103F-16F7-4668-BE54-9A1E7A4F7556}") = "FERNGSolver.Presentation", "FERNGSolver.Presentation\FERNGSolver.Presentation.csproj", "{D668E9CA-7B0E-471B-9D33-B9C07352E786}"
EndProject
Project("{9A19103F-16F7-4668-BE54-9A1E7A4F7556}") = "FERNGSolver.Application", "FERNGSolver.Application\FERNGSolver.Application.csproj", "{13D2B1D6-FF1C-4876-819D-8F4EFCB10307}"
EndProject
Project("{2150E333-8FDC-42A3-9474-1A3956D46DE8}") = "FERNGSolver.Common", "FERNGSolver.Common", "{F8667000-7922-465D-BA01-389C6DB9C2CA}"
EndProject
Project("{9A19103F-16F7-4668-BE54-9A1E7A4F7556}") = "FERNGSolver.UI", "FERNGSolver.UI\FERNGSolver.UI.csproj", "{86CFD991-A14A-4CAE-A510-1D48EB88CB3D}"
EndProject
Project("{9A19103F-16F7-4668-BE54-9A1E7A4F7556}") = "FERNGSolver.Common.Presentation", "FERNGSolver.Common.Presentation\FERNGSolver.Common.Presentation.csproj", "{5A8E7768-CB1C-43E1-9AD8-5A4BCCCB9644}"
EndProject
Project("{9A19103F-16F7-4668-BE54-9A1E7A4F7556}") = "FERNGSolver.Common.Application", "FERNGSolver.Common.Application\FERNGSolver.Common.Application.csproj", "{681C72BE-2537-4598-94C4-B29FD452C68C}"
EndProject
Project("{9A19103F-16F7-4668-BE54-9A1E7A4F7556}") = "FERNGSolver.Common.Domain", "FERNGSolver.Common.Domain\FERNGSolver.Common.Domain.csproj", "{795E471F-59E3-4FC1-BD3D-C88EF60FC299}"
EndProject
Project("{9A19103F-16F7-4668-BE54-9A1E7A4F7556}") = "FERNGSolver.Common.UI", "FERNGSolver.Common.UI\FERNGSolver.Common.UI.csproj", "{00CC5098-1A87-4C3D-A8AE-FDAEE1C7787E}"
EndProject
Project("{2150E333-8FDC-42A3-9474-1A3956D46DE8}") = "FERNGSolver.Genealogy", "FERNGSolver.Genealogy", "{5775DF68-C0A7-476A-BF64-311607BD8489}"
EndProject
Project("{9A19103F-16F7-4668-BE54-9A1E7A4F7556}") = "FERNGSolver.Genealogy.UI", "FERNGSolver.Genealogy.UI\FERNGSolver.Genealogy.UI.csproj", "{98391B37-81E5-41EB-A0C1-8B1D18AB2015}"
EndProject
Project("{9A19103F-16F7-4668-BE54-9A1E7A4F7556}") = "FERNGSolver.Genealogy.Presentation", "FERNGSolver.Genealogy.Presentation\FERNGSolver.Genealogy.Presentation.csproj", "{CED201E6-FE8C-4F6A-8FC0-97A23B08CD4F}"
EndProject
Project("{FAE04EC0-301F-11D3-BF4B-00C04F79EFBC}") = "FERNGSolver.Genealogy.Domain", "FERNGSolver.Genealogy.Domain\FERNGSolver.Genealogy.Domain.csproj", "{8B440971-44E1-4441-81B0-368500CA1A39}"
EndProject
Project("{FAE04EC0-301F-11D3-BF4B-00C04F79EFBC}") = "FERNGSolver.Genealogy.Domain.Tests", "FERNGSolver.Genealogy.Domain.Tests\FERNGSolver.Genealogy.Domain.Tests.csproj", "{B109A0AE-DDFD-4358-A9F7-879D540CBAED}"
EndProject
Global
	GlobalSection(SolutionConfigurationPlatforms) = preSolution
		Debug|Any CPU = Debug|Any CPU
		Release|Any CPU = Release|Any CPU
	EndGlobalSection
	GlobalSection(ProjectConfigurationPlatforms) = postSolution
		{B00399B7-EE09-4C66-B373-1A2A1E3ACC0F}.Debug|Any CPU.ActiveCfg = Debug|Any CPU
		{B00399B7-EE09-4C66-B373-1A2A1E3ACC0F}.Debug|Any CPU.Build.0 = Debug|Any CPU
		{B00399B7-EE09-4C66-B373-1A2A1E3ACC0F}.Release|Any CPU.ActiveCfg = Release|Any CPU
		{B00399B7-EE09-4C66-B373-1A2A1E3ACC0F}.Release|Any CPU.Build.0 = Release|Any CPU
		{011151F3-37F5-4F05-AB98-5C2B71B903C0}.Debug|Any CPU.ActiveCfg = Debug|Any CPU
		{011151F3-37F5-4F05-AB98-5C2B71B903C0}.Debug|Any CPU.Build.0 = Debug|Any CPU
		{011151F3-37F5-4F05-AB98-5C2B71B903C0}.Release|Any CPU.ActiveCfg = Release|Any CPU
		{011151F3-37F5-4F05-AB98-5C2B71B903C0}.Release|Any CPU.Build.0 = Release|Any CPU
		{127ABF97-A3AA-4C9F-B9B5-31626F992D6E}.Debug|Any CPU.ActiveCfg = Debug|Any CPU
		{127ABF97-A3AA-4C9F-B9B5-31626F992D6E}.Debug|Any CPU.Build.0 = Debug|Any CPU
		{127ABF97-A3AA-4C9F-B9B5-31626F992D6E}.Release|Any CPU.ActiveCfg = Release|Any CPU
		{127ABF97-A3AA-4C9F-B9B5-31626F992D6E}.Release|Any CPU.Build.0 = Release|Any CPU
		{EBA11390-F8D2-4908-9D9F-2BA6B20A97C0}.Debug|Any CPU.ActiveCfg = Debug|Any CPU
		{EBA11390-F8D2-4908-9D9F-2BA6B20A97C0}.Debug|Any CPU.Build.0 = Debug|Any CPU
		{EBA11390-F8D2-4908-9D9F-2BA6B20A97C0}.Release|Any CPU.ActiveCfg = Release|Any CPU
		{EBA11390-F8D2-4908-9D9F-2BA6B20A97C0}.Release|Any CPU.Build.0 = Release|Any CPU
		{F142B0C4-0F43-4667-84E4-BC7B341EF9E5}.Debug|Any CPU.ActiveCfg = Debug|Any CPU
		{F142B0C4-0F43-4667-84E4-BC7B341EF9E5}.Debug|Any CPU.Build.0 = Debug|Any CPU
		{F142B0C4-0F43-4667-84E4-BC7B341EF9E5}.Release|Any CPU.ActiveCfg = Release|Any CPU
		{F142B0C4-0F43-4667-84E4-BC7B341EF9E5}.Release|Any CPU.Build.0 = Release|Any CPU
		{33EC0EEC-4799-4281-8E68-B56612A13BF9}.Debug|Any CPU.ActiveCfg = Debug|Any CPU
		{33EC0EEC-4799-4281-8E68-B56612A13BF9}.Debug|Any CPU.Build.0 = Debug|Any CPU
		{33EC0EEC-4799-4281-8E68-B56612A13BF9}.Release|Any CPU.ActiveCfg = Release|Any CPU
		{33EC0EEC-4799-4281-8E68-B56612A13BF9}.Release|Any CPU.Build.0 = Release|Any CPU
		{0B324549-2C95-4BBB-BEA2-CBD3CAAF38F8}.Debug|Any CPU.ActiveCfg = Debug|Any CPU
		{0B324549-2C95-4BBB-BEA2-CBD3CAAF38F8}.Debug|Any CPU.Build.0 = Debug|Any CPU
		{0B324549-2C95-4BBB-BEA2-CBD3CAAF38F8}.Release|Any CPU.ActiveCfg = Release|Any CPU
		{0B324549-2C95-4BBB-BEA2-CBD3CAAF38F8}.Release|Any CPU.Build.0 = Release|Any CPU
		{3A1925B9-CFBD-404D-8DE6-B05DA5DEE66F}.Debug|Any CPU.ActiveCfg = Debug|Any CPU
		{3A1925B9-CFBD-404D-8DE6-B05DA5DEE66F}.Debug|Any CPU.Build.0 = Debug|Any CPU
		{3A1925B9-CFBD-404D-8DE6-B05DA5DEE66F}.Release|Any CPU.ActiveCfg = Release|Any CPU
		{3A1925B9-CFBD-404D-8DE6-B05DA5DEE66F}.Release|Any CPU.Build.0 = Release|Any CPU
		{2F99B865-C9B1-4774-BEF6-CDB9B59BD299}.Debug|Any CPU.ActiveCfg = Debug|Any CPU
		{2F99B865-C9B1-4774-BEF6-CDB9B59BD299}.Debug|Any CPU.Build.0 = Debug|Any CPU
		{2F99B865-C9B1-4774-BEF6-CDB9B59BD299}.Release|Any CPU.ActiveCfg = Release|Any CPU
		{2F99B865-C9B1-4774-BEF6-CDB9B59BD299}.Release|Any CPU.Build.0 = Release|Any CPU
		{798C377E-6CD4-4F58-BA2A-839ABC8571BF}.Debug|Any CPU.ActiveCfg = Debug|Any CPU
		{798C377E-6CD4-4F58-BA2A-839ABC8571BF}.Debug|Any CPU.Build.0 = Debug|Any CPU
		{798C377E-6CD4-4F58-BA2A-839ABC8571BF}.Release|Any CPU.ActiveCfg = Release|Any CPU
		{798C377E-6CD4-4F58-BA2A-839ABC8571BF}.Release|Any CPU.Build.0 = Release|Any CPU
		{611A754A-EB7F-4D4A-80A1-5649472F20A6}.Debug|Any CPU.ActiveCfg = Debug|Any CPU
		{611A754A-EB7F-4D4A-80A1-5649472F20A6}.Debug|Any CPU.Build.0 = Debug|Any CPU
		{611A754A-EB7F-4D4A-80A1-5649472F20A6}.Release|Any CPU.ActiveCfg = Release|Any CPU
		{611A754A-EB7F-4D4A-80A1-5649472F20A6}.Release|Any CPU.Build.0 = Release|Any CPU
		{13F4B8BC-359D-46AD-AD9E-BF2CD2852C0A}.Debug|Any CPU.ActiveCfg = Debug|Any CPU
		{13F4B8BC-359D-46AD-AD9E-BF2CD2852C0A}.Debug|Any CPU.Build.0 = Debug|Any CPU
		{13F4B8BC-359D-46AD-AD9E-BF2CD2852C0A}.Release|Any CPU.ActiveCfg = Release|Any CPU
		{13F4B8BC-359D-46AD-AD9E-BF2CD2852C0A}.Release|Any CPU.Build.0 = Release|Any CPU
		{78462127-724A-4AA9-B4E3-B7399B44B89A}.Debug|Any CPU.ActiveCfg = Debug|Any CPU
		{78462127-724A-4AA9-B4E3-B7399B44B89A}.Debug|Any CPU.Build.0 = Debug|Any CPU
		{78462127-724A-4AA9-B4E3-B7399B44B89A}.Release|Any CPU.ActiveCfg = Release|Any CPU
		{78462127-724A-4AA9-B4E3-B7399B44B89A}.Release|Any CPU.Build.0 = Release|Any CPU
		{F2C49807-D9A0-4F89-B808-95489AA27F58}.Debug|Any CPU.ActiveCfg = Debug|Any CPU
		{F2C49807-D9A0-4F89-B808-95489AA27F58}.Debug|Any CPU.Build.0 = Debug|Any CPU
		{F2C49807-D9A0-4F89-B808-95489AA27F58}.Release|Any CPU.ActiveCfg = Release|Any CPU
		{F2C49807-D9A0-4F89-B808-95489AA27F58}.Release|Any CPU.Build.0 = Release|Any CPU
		{A19279BB-DD6A-4F9D-9E1B-5C83C55E5983}.Debug|Any CPU.ActiveCfg = Debug|Any CPU
		{A19279BB-DD6A-4F9D-9E1B-5C83C55E5983}.Debug|Any CPU.Build.0 = Debug|Any CPU
		{A19279BB-DD6A-4F9D-9E1B-5C83C55E5983}.Release|Any CPU.ActiveCfg = Release|Any CPU
		{A19279BB-DD6A-4F9D-9E1B-5C83C55E5983}.Release|Any CPU.Build.0 = Release|Any CPU
		{904B0170-FDDD-41FB-A63A-13959764FFDE}.Debug|Any CPU.ActiveCfg = Debug|Any CPU
		{904B0170-FDDD-41FB-A63A-13959764FFDE}.Debug|Any CPU.Build.0 = Debug|Any CPU
		{904B0170-FDDD-41FB-A63A-13959764FFDE}.Release|Any CPU.ActiveCfg = Release|Any CPU
		{904B0170-FDDD-41FB-A63A-13959764FFDE}.Release|Any CPU.Build.0 = Release|Any CPU
		{5D4F28CF-FDE9-4EC3-ACCB-FB0DB968CACC}.Debug|Any CPU.ActiveCfg = Debug|Any CPU
		{5D4F28CF-FDE9-4EC3-ACCB-FB0DB968CACC}.Debug|Any CPU.Build.0 = Debug|Any CPU
		{5D4F28CF-FDE9-4EC3-ACCB-FB0DB968CACC}.Release|Any CPU.ActiveCfg = Release|Any CPU
		{5D4F28CF-FDE9-4EC3-ACCB-FB0DB968CACC}.Release|Any CPU.Build.0 = Release|Any CPU
		{D668E9CA-7B0E-471B-9D33-B9C07352E786}.Debug|Any CPU.ActiveCfg = Debug|Any CPU
		{D668E9CA-7B0E-471B-9D33-B9C07352E786}.Debug|Any CPU.Build.0 = Debug|Any CPU
		{D668E9CA-7B0E-471B-9D33-B9C07352E786}.Release|Any CPU.ActiveCfg = Release|Any CPU
		{D668E9CA-7B0E-471B-9D33-B9C07352E786}.Release|Any CPU.Build.0 = Release|Any CPU
		{13D2B1D6-FF1C-4876-819D-8F4EFCB10307}.Debug|Any CPU.ActiveCfg = Debug|Any CPU
		{13D2B1D6-FF1C-4876-819D-8F4EFCB10307}.Debug|Any CPU.Build.0 = Debug|Any CPU
		{13D2B1D6-FF1C-4876-819D-8F4EFCB10307}.Release|Any CPU.ActiveCfg = Release|Any CPU
		{13D2B1D6-FF1C-4876-819D-8F4EFCB10307}.Release|Any CPU.Build.0 = Release|Any CPU
		{86CFD991-A14A-4CAE-A510-1D48EB88CB3D}.Debug|Any CPU.ActiveCfg = Debug|Any CPU
		{86CFD991-A14A-4CAE-A510-1D48EB88CB3D}.Debug|Any CPU.Build.0 = Debug|Any CPU
		{86CFD991-A14A-4CAE-A510-1D48EB88CB3D}.Release|Any CPU.ActiveCfg = Release|Any CPU
		{86CFD991-A14A-4CAE-A510-1D48EB88CB3D}.Release|Any CPU.Build.0 = Release|Any CPU
		{5A8E7768-CB1C-43E1-9AD8-5A4BCCCB9644}.Debug|Any CPU.ActiveCfg = Debug|Any CPU
		{5A8E7768-CB1C-43E1-9AD8-5A4BCCCB9644}.Debug|Any CPU.Build.0 = Debug|Any CPU
		{5A8E7768-CB1C-43E1-9AD8-5A4BCCCB9644}.Release|Any CPU.ActiveCfg = Release|Any CPU
		{5A8E7768-CB1C-43E1-9AD8-5A4BCCCB9644}.Release|Any CPU.Build.0 = Release|Any CPU
		{681C72BE-2537-4598-94C4-B29FD452C68C}.Debug|Any CPU.ActiveCfg = Debug|Any CPU
		{681C72BE-2537-4598-94C4-B29FD452C68C}.Debug|Any CPU.Build.0 = Debug|Any CPU
		{681C72BE-2537-4598-94C4-B29FD452C68C}.Release|Any CPU.ActiveCfg = Release|Any CPU
		{681C72BE-2537-4598-94C4-B29FD452C68C}.Release|Any CPU.Build.0 = Release|Any CPU
		{795E471F-59E3-4FC1-BD3D-C88EF60FC299}.Debug|Any CPU.ActiveCfg = Debug|Any CPU
		{795E471F-59E3-4FC1-BD3D-C88EF60FC299}.Debug|Any CPU.Build.0 = Debug|Any CPU
		{795E471F-59E3-4FC1-BD3D-C88EF60FC299}.Release|Any CPU.ActiveCfg = Release|Any CPU
		{795E471F-59E3-4FC1-BD3D-C88EF60FC299}.Release|Any CPU.Build.0 = Release|Any CPU
		{00CC5098-1A87-4C3D-A8AE-FDAEE1C7787E}.Debug|Any CPU.ActiveCfg = Debug|Any CPU
		{00CC5098-1A87-4C3D-A8AE-FDAEE1C7787E}.Debug|Any CPU.Build.0 = Debug|Any CPU
		{00CC5098-1A87-4C3D-A8AE-FDAEE1C7787E}.Release|Any CPU.ActiveCfg = Release|Any CPU
		{00CC5098-1A87-4C3D-A8AE-FDAEE1C7787E}.Release|Any CPU.Build.0 = Release|Any CPU
		{98391B37-81E5-41EB-A0C1-8B1D18AB2015}.Debug|Any CPU.ActiveCfg = Debug|Any CPU
		{98391B37-81E5-41EB-A0C1-8B1D18AB2015}.Debug|Any CPU.Build.0 = Debug|Any CPU
		{98391B37-81E5-41EB-A0C1-8B1D18AB2015}.Release|Any CPU.ActiveCfg = Release|Any CPU
		{98391B37-81E5-41EB-A0C1-8B1D18AB2015}.Release|Any CPU.Build.0 = Release|Any CPU
		{CED201E6-FE8C-4F6A-8FC0-97A23B08CD4F}.Debug|Any CPU.ActiveCfg = Debug|Any CPU
		{CED201E6-FE8C-4F6A-8FC0-97A23B08CD4F}.Debug|Any CPU.Build.0 = Debug|Any CPU
		{CED201E6-FE8C-4F6A-8FC0-97A23B08CD4F}.Release|Any CPU.ActiveCfg = Release|Any CPU
		{CED201E6-FE8C-4F6A-8FC0-97A23B08CD4F}.Release|Any CPU.Build.0 = Release|Any CPU
		{8B440971-44E1-4441-81B0-368500CA1A39}.Debug|Any CPU.ActiveCfg = Debug|Any CPU
		{8B440971-44E1-4441-81B0-368500CA1A39}.Debug|Any CPU.Build.0 = Debug|Any CPU
		{8B440971-44E1-4441-81B0-368500CA1A39}.Release|Any CPU.ActiveCfg = Release|Any CPU
		{8B440971-44E1-4441-81B0-368500CA1A39}.Release|Any CPU.Build.0 = Release|Any CPU
		{B109A0AE-DDFD-4358-A9F7-879D540CBAED}.Debug|Any CPU.ActiveCfg = Debug|Any CPU
		{B109A0AE-DDFD-4358-A9F7-879D540CBAED}.Debug|Any CPU.Build.0 = Debug|Any CPU
		{B109A0AE-DDFD-4358-A9F7-879D540CBAED}.Release|Any CPU.ActiveCfg = Release|Any CPU
		{B109A0AE-DDFD-4358-A9F7-879D540CBAED}.Release|Any CPU.Build.0 = Release|Any CPU
	EndGlobalSection
	GlobalSection(SolutionProperties) = preSolution
		HideSolutionNode = FALSE
	EndGlobalSection
	GlobalSection(NestedProjects) = preSolution
		{011151F3-37F5-4F05-AB98-5C2B71B903C0} = {C5634BAB-88E4-40A8-965B-80D04D42A54B}
		{127ABF97-A3AA-4C9F-B9B5-31626F992D6E} = {C5634BAB-88E4-40A8-965B-80D04D42A54B}
		{EBA11390-F8D2-4908-9D9F-2BA6B20A97C0} = {C5634BAB-88E4-40A8-965B-80D04D42A54B}
		{F142B0C4-0F43-4667-84E4-BC7B341EF9E5} = {C5634BAB-88E4-40A8-965B-80D04D42A54B}
		{0B324549-2C95-4BBB-BEA2-CBD3CAAF38F8} = {797D2456-8401-4CE5-AA28-90ABFF489ECF}
		{3A1925B9-CFBD-404D-8DE6-B05DA5DEE66F} = {797D2456-8401-4CE5-AA28-90ABFF489ECF}
		{2F99B865-C9B1-4774-BEF6-CDB9B59BD299} = {797D2456-8401-4CE5-AA28-90ABFF489ECF}
		{798C377E-6CD4-4F58-BA2A-839ABC8571BF} = {797D2456-8401-4CE5-AA28-90ABFF489ECF}
		{611A754A-EB7F-4D4A-80A1-5649472F20A6} = {797D2456-8401-4CE5-AA28-90ABFF489ECF}
		{13F4B8BC-359D-46AD-AD9E-BF2CD2852C0A} = {797D2456-8401-4CE5-AA28-90ABFF489ECF}
		{78462127-724A-4AA9-B4E3-B7399B44B89A} = {DDB4EF12-CC4E-5E88-E6FC-71A802F4DE97}
		{F2C49807-D9A0-4F89-B808-95489AA27F58} = {DDB4EF12-CC4E-5E88-E6FC-71A802F4DE97}
		{A19279BB-DD6A-4F9D-9E1B-5C83C55E5983} = {DDB4EF12-CC4E-5E88-E6FC-71A802F4DE97}
		{904B0170-FDDD-41FB-A63A-13959764FFDE} = {DDB4EF12-CC4E-5E88-E6FC-71A802F4DE97}
		{5D4F28CF-FDE9-4EC3-ACCB-FB0DB968CACC} = {DDB4EF12-CC4E-5E88-E6FC-71A802F4DE97}
		{5A8E7768-CB1C-43E1-9AD8-5A4BCCCB9644} = {F8667000-7922-465D-BA01-389C6DB9C2CA}
		{681C72BE-2537-4598-94C4-B29FD452C68C} = {F8667000-7922-465D-BA01-389C6DB9C2CA}
		{795E471F-59E3-4FC1-BD3D-C88EF60FC299} = {F8667000-7922-465D-BA01-389C6DB9C2CA}
		{00CC5098-1A87-4C3D-A8AE-FDAEE1C7787E} = {F8667000-7922-465D-BA01-389C6DB9C2CA}
		{98391B37-81E5-41EB-A0C1-8B1D18AB2015} = {5775DF68-C0A7-476A-BF64-311607BD8489}
		{CED201E6-FE8C-4F6A-8FC0-97A23B08CD4F} = {5775DF68-C0A7-476A-BF64-311607BD8489}
		{8B440971-44E1-4441-81B0-368500CA1A39} = {5775DF68-C0A7-476A-BF64-311607BD8489}
		{B109A0AE-DDFD-4358-A9F7-879D540CBAED} = {5775DF68-C0A7-476A-BF64-311607BD8489}
	EndGlobalSection
	GlobalSection(ExtensibilityGlobals) = postSolution
		SolutionGuid = {63C1D57B-9A5F-435F-8A5C-5CE76D13C833}
	EndGlobalSection
EndGlobal
